# THIS IS AN AUTOGENERATED FILE. DO NOT EDIT THIS FILE DIRECTLY.
# yarn lockfile v1


"@rbxts/compiler-types@^1.2.7-types.1":
  version "1.2.7-types.1"
  resolved "https://registry.yarnpkg.com/@rbxts/compiler-types/-/compiler-types-1.2.7-types.1.tgz#35986d7b7d05621612b20ec0c42f63b4a1de8749"
  integrity sha512-zr3QIJDgLN2dyPYSy4QwDRiZDm8BwQeUE8tsglPDgbVLJonaK7+PAqb1hoqZJ3ReQdZUElSKru9yAfI1Z0MOug==

"@rbxts/inspect@^1.0.1":
  version "1.0.1"
  resolved "https://registry.yarnpkg.com/@rbxts/inspect/-/inspect-1.0.1.tgz#b28c17d6af57f78d472f98af7fc8400065440e31"
  integrity sha512-O+fbpjl0iKWfVSILrgBRoZcCUzYSbRIOrgW8RrLWNBLFzoxIBu9uydx4RavYgT2RsmRm5zK2aM3MakEZ2z+jlQ==

"@rbxts/ping@^2.2.5":
  version "2.2.5"
  resolved "https://registry.yarnpkg.com/@rbxts/ping/-/ping-2.2.5.tgz#f9fad8f327123f1cb1a5de3e76c86cb82c887df3"
  integrity sha512-7YkmAz8ZGeRsmM0AXHOAdh75CATg8USsJBk09pgyvZZfMdQHykGG0kzX+wD+fXdaNr+tFKK/LXfyLQrBZQPhbw==

"@rbxts/types@^1.0.556":
  version "1.0.556"
  resolved "https://registry.yarnpkg.com/@rbxts/types/-/types-1.0.556.tgz#e97a8241e93c4aed30be49413064a4f44b284084"
  integrity sha512-PiesJOLhgE0MFd46lfnBaBEm56ZBPVQEQf6re2vOqisYN9v1GuZkRJe4qzL25Xbq+3lyThSWY3xeIQ9dcHJ4gw==
